// !$*UTF8*$!
{
	archiveVersion = 1;
	classes = {
	};
	objectVersion = 50;
	objects = {

/* Begin PBXBuildFile section */
		B40296B923558580005B74C7 /* README.md in Resources */ = {isa = PBXBuildFile; fileRef = B40296B823558580005B74C7 /* README.md */; };
		B4096D24233887E1006E0959 /* AppDelegate.swift in Sources */ = {isa = PBXBuildFile; fileRef = B4096D23233887E1006E0959 /* AppDelegate.swift */; };
		B4096D26233887E1006E0959 /* ContentView.swift in Sources */ = {isa = PBXBuildFile; fileRef = B4096D25233887E1006E0959 /* ContentView.swift */; };
		B4096D28233887E2006E0959 /* Assets.xcassets in Resources */ = {isa = PBXBuildFile; fileRef = B4096D27233887E2006E0959 /* Assets.xcassets */; };
		B4096D2B233887E2006E0959 /* Preview Assets.xcassets in Resources */ = {isa = PBXBuildFile; fileRef = B4096D2A233887E2006E0959 /* Preview Assets.xcassets */; };
		B4096D2E233887E2006E0959 /* Main.storyboard in Resources */ = {isa = PBXBuildFile; fileRef = B4096D2C233887E2006E0959 /* Main.storyboard */; };
		B4096D5423388820006E0959 /* MainWindowView.swift in Sources */ = {isa = PBXBuildFile; fileRef = B4096D5323388820006E0959 /* MainWindowView.swift */; };
		B4096D5D2338983F006E0959 /* DataStore.swift in Sources */ = {isa = PBXBuildFile; fileRef = B4096D5C2338983F006E0959 /* DataStore.swift */; };
		B44C6E692338DD120087CE17 /* FileHelper.swift in Sources */ = {isa = PBXBuildFile; fileRef = B44C6E682338DD120087CE17 /* FileHelper.swift */; };
		B44F43932344AAE500D07AB9 /* AnalysisView.swift in Sources */ = {isa = PBXBuildFile; fileRef = B44F43922344AAE500D07AB9 /* AnalysisView.swift */; };
		B4A540D4235244530014B2C8 /* Localizable.strings in Resources */ = {isa = PBXBuildFile; fileRef = B4A540D6235244530014B2C8 /* Localizable.strings */; };
		B4C4F1D2259C1E2400AD81A7 /* screenshot.png in Resources */ = {isa = PBXBuildFile; fileRef = B4C4F1D1259C1E2400AD81A7 /* screenshot.png */; };
		B4F8C23923489542007884E9 /* WelcomeView.swift in Sources */ = {isa = PBXBuildFile; fileRef = B4F8C23823489542007884E9 /* WelcomeView.swift */; };
		B4F8C23B23489699007884E9 /* ProgressBar.swift in Sources */ = {isa = PBXBuildFile; fileRef = B4F8C23A23489699007884E9 /* ProgressBar.swift */; };
/* End PBXBuildFile section */

/* Begin PBXFileReference section */
		3E6EDDEA23680888007D1DB6 /* Base */ = {isa = PBXFileReference; lastKnownFileType = file.storyboard; name = Base; path = Base.lproj/Main.storyboard; sourceTree = "<group>"; };
		3E6EDDEB236815E5007D1DB6 /* th */ = {isa = PBXFileReference; lastKnownFileType = text.plist.strings; name = th; path = th.lproj/Main.strings; sourceTree = "<group>"; };
		3E6EDDEC236815E5007D1DB6 /* th */ = {isa = PBXFileReference; lastKnownFileType = text.plist.strings; name = th; path = th.lproj/Localizable.strings; sourceTree = "<group>"; };
		9354389125BD685D00F9058E /* pt-br */ = {isa = PBXFileReference; lastKnownFileType = text.plist.strings; name = "pt-br"; path = "pt-br.lproj/Localizable.strings"; sourceTree = "<group>"; };
		B40296B823558580005B74C7 /* README.md */ = {isa = PBXFileReference; fileEncoding = 4; lastKnownFileType = net.daringfireball.markdown; path = README.md; sourceTree = "<group>"; };
		B4096D20233887E1006E0959 /* Cleaner for Xcode.app */ = {isa = PBXFileReference; explicitFileType = wrapper.application; includeInIndex = 0; path = "Cleaner for Xcode.app"; sourceTree = BUILT_PRODUCTS_DIR; };
		B4096D23233887E1006E0959 /* AppDelegate.swift */ = {isa = PBXFileReference; lastKnownFileType = sourcecode.swift; path = AppDelegate.swift; sourceTree = "<group>"; };
		B4096D25233887E1006E0959 /* ContentView.swift */ = {isa = PBXFileReference; lastKnownFileType = sourcecode.swift; path = ContentView.swift; sourceTree = "<group>"; };
		B4096D27233887E2006E0959 /* Assets.xcassets */ = {isa = PBXFileReference; lastKnownFileType = folder.assetcatalog; path = Assets.xcassets; sourceTree = "<group>"; };
		B4096D2A233887E2006E0959 /* Preview Assets.xcassets */ = {isa = PBXFileReference; lastKnownFileType = folder.assetcatalog; path = "Preview Assets.xcassets"; sourceTree = "<group>"; };
		B4096D2F233887E2006E0959 /* Info.plist */ = {isa = PBXFileReference; lastKnownFileType = text.plist.xml; path = Info.plist; sourceTree = "<group>"; };
		B4096D30233887E2006E0959 /* Cleaner4Xcode.entitlements */ = {isa = PBXFileReference; lastKnownFileType = text.plist.entitlements; path = Cleaner4Xcode.entitlements; sourceTree = "<group>"; };
		B4096D5323388820006E0959 /* MainWindowView.swift */ = {isa = PBXFileReference; lastKnownFileType = sourcecode.swift; path = MainWindowView.swift; sourceTree = "<group>"; };
		B4096D5C2338983F006E0959 /* DataStore.swift */ = {isa = PBXFileReference; lastKnownFileType = sourcecode.swift; path = DataStore.swift; sourceTree = "<group>"; };
		B44709D5235338B400E92C1F /* zh-Hans */ = {isa = PBXFileReference; lastKnownFileType = file.storyboard; name = "zh-Hans"; path = "zh-Hans.lproj/Main.storyboard"; sourceTree = "<group>"; };
		B44C6E682338DD120087CE17 /* FileHelper.swift */ = {isa = PBXFileReference; lastKnownFileType = sourcecode.swift; path = FileHelper.swift; sourceTree = "<group>"; };
		B44F43922344AAE500D07AB9 /* AnalysisView.swift */ = {isa = PBXFileReference; lastKnownFileType = sourcecode.swift; path = AnalysisView.swift; sourceTree = "<group>"; };
		B4A540D5235244530014B2C8 /* en */ = {isa = PBXFileReference; lastKnownFileType = text.plist.strings; name = en; path = en.lproj/Localizable.strings; sourceTree = "<group>"; };
		B4A540D7235244550014B2C8 /* zh-Hans */ = {isa = PBXFileReference; lastKnownFileType = text.plist.strings; name = "zh-Hans"; path = "zh-Hans.lproj/Localizable.strings"; sourceTree = "<group>"; };
		B4C4F1D1259C1E2400AD81A7 /* screenshot.png */ = {isa = PBXFileReference; lastKnownFileType = image.png; path = screenshot.png; sourceTree = "<group>"; };
		B4F8C23823489542007884E9 /* WelcomeView.swift */ = {isa = PBXFileReference; lastKnownFileType = sourcecode.swift; path = WelcomeView.swift; sourceTree = "<group>"; };
		B4F8C23A23489699007884E9 /* ProgressBar.swift */ = {isa = PBXFileReference; lastKnownFileType = sourcecode.swift; path = ProgressBar.swift; sourceTree = "<group>"; };
/* End PBXFileReference section */

/* Begin PBXFrameworksBuildPhase section */
		B4096D1D233887E1006E0959 /* Frameworks */ = {
			isa = PBXFrameworksBuildPhase;
			buildActionMask = 2147483647;
			files = (
			);
			runOnlyForDeploymentPostprocessing = 0;
		};
/* End PBXFrameworksBuildPhase section */

/* Begin PBXGroup section */
		B4096D17233887E1006E0959 = {
			isa = PBXGroup;
			children = (
				B40296B823558580005B74C7 /* README.md */,
				B4C4F1D1259C1E2400AD81A7 /* screenshot.png */,
				B4C4F1CE259C1C9200AD81A7 /* Utils */,
				B4096D5523389757006E0959 /* Components */,
				B4096D22233887E1006E0959 /* Cleaner4Xcode */,
				B4096D21233887E1006E0959 /* Products */,
			);
			sourceTree = "<group>";
		};
		B4096D21233887E1006E0959 /* Products */ = {
			isa = PBXGroup;
			children = (
				B4096D20233887E1006E0959 /* Cleaner for Xcode.app */,
			);
			name = Products;
			sourceTree = "<group>";
		};
		B4096D22233887E1006E0959 /* Cleaner4Xcode */ = {
			isa = PBXGroup;
			children = (
				B4A540D6235244530014B2C8 /* Localizable.strings */,
				B4096D23233887E1006E0959 /* AppDelegate.swift */,
				B4096D25233887E1006E0959 /* ContentView.swift */,
				B4096D5323388820006E0959 /* MainWindowView.swift */,
				B4096D27233887E2006E0959 /* Assets.xcassets */,
				B4096D2C233887E2006E0959 /* Main.storyboard */,
				B4096D2F233887E2006E0959 /* Info.plist */,
				B4096D30233887E2006E0959 /* Cleaner4Xcode.entitlements */,
				B4096D29233887E2006E0959 /* Preview Content */,
			);
			path = Cleaner4Xcode;
			sourceTree = "<group>";
		};
		B4096D29233887E2006E0959 /* Preview Content */ = {
			isa = PBXGroup;
			children = (
				B4096D2A233887E2006E0959 /* Preview Assets.xcassets */,
			);
			path = "Preview Content";
			sourceTree = "<group>";
		};
		B4096D5523389757006E0959 /* Components */ = {
			isa = PBXGroup;
			children = (
				B44F43922344AAE500D07AB9 /* AnalysisView.swift */,
				B4F8C23823489542007884E9 /* WelcomeView.swift */,
				B4F8C23A23489699007884E9 /* ProgressBar.swift */,
			);
			path = Components;
			sourceTree = "<group>";
		};
		B4C4F1CE259C1C9200AD81A7 /* Utils */ = {
			isa = PBXGroup;
			children = (
				B44C6E682338DD120087CE17 /* FileHelper.swift */,
				B4096D5C2338983F006E0959 /* DataStore.swift */,
			);
			path = Utils;
			sourceTree = "<group>";
		};
/* End PBXGroup section */

/* Begin PBXNativeTarget section */
		B4096D1F233887E1006E0959 /* Cleaner for Xcode */ = {
			isa = PBXNativeTarget;
			buildConfigurationList = B4096D49233887E2006E0959 /* Build configuration list for PBXNativeTarget "Cleaner for Xcode" */;
			buildPhases = (
				B4096D1C233887E1006E0959 /* Sources */,
				B4096D1D233887E1006E0959 /* Frameworks */,
				B4096D1E233887E1006E0959 /* Resources */,
			);
			buildRules = (
			);
			dependencies = (
			);
			name = "Cleaner for Xcode";
			productName = Cleaner4Xcode;
			productReference = B4096D20233887E1006E0959 /* Cleaner for Xcode.app */;
			productType = "com.apple.product-type.application";
		};
/* End PBXNativeTarget section */

/* Begin PBXProject section */
		B4096D18233887E1006E0959 /* Project object */ = {
			isa = PBXProject;
			attributes = {
				LastSwiftUpdateCheck = 1100;
				LastUpgradeCheck = 1110;
				ORGANIZATIONNAME = Baye;
				TargetAttributes = {
					B4096D1F233887E1006E0959 = {
						CreatedOnToolsVersion = 11.0;
					};
				};
			};
			buildConfigurationList = B4096D1B233887E1006E0959 /* Build configuration list for PBXProject "Cleaner4Xcode" */;
			compatibilityVersion = "Xcode 9.3";
			developmentRegion = en;
			hasScannedForEncodings = 0;
			knownRegions = (
				en,
				"zh-Hans",
				Base,
				th,
				"pt-br",
				"pt-BR",
			);
			mainGroup = B4096D17233887E1006E0959;
			productRefGroup = B4096D21233887E1006E0959 /* Products */;
			projectDirPath = "";
			projectRoot = "";
			targets = (
				B4096D1F233887E1006E0959 /* Cleaner for Xcode */,
			);
		};
/* End PBXProject section */

/* Begin PBXResourcesBuildPhase section */
		B4096D1E233887E1006E0959 /* Resources */ = {
			isa = PBXResourcesBuildPhase;
			buildActionMask = 2147483647;
			files = (
				B4A540D4235244530014B2C8 /* Localizable.strings in Resources */,
				B4096D2E233887E2006E0959 /* Main.storyboard in Resources */,
				B40296B923558580005B74C7 /* README.md in Resources */,
				B4C4F1D2259C1E2400AD81A7 /* screenshot.png in Resources */,
				B4096D2B233887E2006E0959 /* Preview Assets.xcassets in Resources */,
				B4096D28233887E2006E0959 /* Assets.xcassets in Resources */,
			);
			runOnlyForDeploymentPostprocessing = 0;
		};
/* End PBXResourcesBuildPhase section */

/* Begin PBXSourcesBuildPhase section */
		B4096D1C233887E1006E0959 /* Sources */ = {
			isa = PBXSourcesBuildPhase;
			buildActionMask = 2147483647;
			files = (
				B4096D26233887E1006E0959 /* ContentView.swift in Sources */,
				B4096D5D2338983F006E0959 /* DataStore.swift in Sources */,
				B44C6E692338DD120087CE17 /* FileHelper.swift in Sources */,
				B4F8C23923489542007884E9 /* WelcomeView.swift in Sources */,
				B44F43932344AAE500D07AB9 /* AnalysisView.swift in Sources */,
				B4096D5423388820006E0959 /* MainWindowView.swift in Sources */,
				B4F8C23B23489699007884E9 /* ProgressBar.swift in Sources */,
				B4096D24233887E1006E0959 /* AppDelegate.swift in Sources */,
			);
			runOnlyForDeploymentPostprocessing = 0;
		};
/* End PBXSourcesBuildPhase section */

/* Begin PBXVariantGroup section */
		B4096D2C233887E2006E0959 /* Main.storyboard */ = {
			isa = PBXVariantGroup;
			children = (
				B44709D5235338B400E92C1F /* zh-Hans */,
				3E6EDDEA23680888007D1DB6 /* Base */,
				3E6EDDEB236815E5007D1DB6 /* th */,
			);
			name = Main.storyboard;
			sourceTree = "<group>";
		};
		B4A540D6235244530014B2C8 /* Localizable.strings */ = {
			isa = PBXVariantGroup;
			children = (
				B4A540D5235244530014B2C8 /* en */,
				B4A540D7235244550014B2C8 /* zh-Hans */,
				3E6EDDEC236815E5007D1DB6 /* th */,
				9354389125BD685D00F9058E /* pt-br */,
			);
			name = Localizable.strings;
			sourceTree = "<group>";
		};
/* End PBXVariantGroup section */

/* Begin XCBuildConfiguration section */
		B4096D47233887E2006E0959 /* Debug */ = {
			isa = XCBuildConfiguration;
			buildSettings = {
				ALWAYS_SEARCH_USER_PATHS = NO;
				CLANG_ANALYZER_LOCALIZABILITY_NONLOCALIZED = YES;
				CLANG_ANALYZER_NONNULL = YES;
				CLANG_ANALYZER_NUMBER_OBJECT_CONVERSION = YES_AGGRESSIVE;
				CLANG_CXX_LANGUAGE_STANDARD = "gnu++14";
				CLANG_CXX_LIBRARY = "libc++";
				CLANG_ENABLE_MODULES = YES;
				CLANG_ENABLE_OBJC_ARC = YES;
				CLANG_ENABLE_OBJC_WEAK = YES;
				CLANG_WARN_BLOCK_CAPTURE_AUTORELEASING = YES;
				CLANG_WARN_BOOL_CONVERSION = YES;
				CLANG_WARN_COMMA = YES;
				CLANG_WARN_CONSTANT_CONVERSION = YES;
				CLANG_WARN_DEPRECATED_OBJC_IMPLEMENTATIONS = YES;
				CLANG_WARN_DIRECT_OBJC_ISA_USAGE = YES_ERROR;
				CLANG_WARN_DOCUMENTATION_COMMENTS = YES;
				CLANG_WARN_EMPTY_BODY = YES;
				CLANG_WARN_ENUM_CONVERSION = YES;
				CLANG_WARN_INFINITE_RECURSION = YES;
				CLANG_WARN_INT_CONVERSION = YES;
				CLANG_WARN_NON_LITERAL_NULL_CONVERSION = YES;
				CLANG_WARN_OBJC_IMPLICIT_RETAIN_SELF = YES;
				CLANG_WARN_OBJC_LITERAL_CONVERSION = YES;
				CLANG_WARN_OBJC_ROOT_CLASS = YES_ERROR;
				CLANG_WARN_RANGE_LOOP_ANALYSIS = YES;
				CLANG_WARN_STRICT_PROTOTYPES = YES;
				CLANG_WARN_SUSPICIOUS_MOVE = YES;
				CLANG_WARN_UNGUARDED_AVAILABILITY = YES_AGGRESSIVE;
				CLANG_WARN_UNREACHABLE_CODE = YES;
				CLANG_WARN__DUPLICATE_METHOD_MATCH = YES;
				COPY_PHASE_STRIP = NO;
				DEBUG_INFORMATION_FORMAT = dwarf;
				ENABLE_STRICT_OBJC_MSGSEND = YES;
				ENABLE_TESTABILITY = YES;
				GCC_C_LANGUAGE_STANDARD = gnu11;
				GCC_DYNAMIC_NO_PIC = NO;
				GCC_NO_COMMON_BLOCKS = YES;
				GCC_OPTIMIZATION_LEVEL = 0;
				GCC_PREPROCESSOR_DEFINITIONS = (
					"DEBUG=1",
					"$(inherited)",
				);
				GCC_WARN_64_TO_32_BIT_CONVERSION = YES;
				GCC_WARN_ABOUT_RETURN_TYPE = YES_ERROR;
				GCC_WARN_UNDECLARED_SELECTOR = YES;
				GCC_WARN_UNINITIALIZED_AUTOS = YES_AGGRESSIVE;
				GCC_WARN_UNUSED_FUNCTION = YES;
				GCC_WARN_UNUSED_VARIABLE = YES;
				MACOSX_DEPLOYMENT_TARGET = 10.15;
				MTL_ENABLE_DEBUG_INFO = INCLUDE_SOURCE;
				MTL_FAST_MATH = YES;
				ONLY_ACTIVE_ARCH = YES;
				SDKROOT = macosx;
				SWIFT_ACTIVE_COMPILATION_CONDITIONS = DEBUG;
				SWIFT_OPTIMIZATION_LEVEL = "-Onone";
			};
			name = Debug;
		};
		B4096D48233887E2006E0959 /* Release */ = {
			isa = XCBuildConfiguration;
			buildSettings = {
				ALWAYS_SEARCH_USER_PATHS = NO;
				CLANG_ANALYZER_LOCALIZABILITY_NONLOCALIZED = YES;
				CLANG_ANALYZER_NONNULL = YES;
				CLANG_ANALYZER_NUMBER_OBJECT_CONVERSION = YES_AGGRESSIVE;
				CLANG_CXX_LANGUAGE_STANDARD = "gnu++14";
				CLANG_CXX_LIBRARY = "libc++";
				CLANG_ENABLE_MODULES = YES;
				CLANG_ENABLE_OBJC_ARC = YES;
				CLANG_ENABLE_OBJC_WEAK = YES;
				CLANG_WARN_BLOCK_CAPTURE_AUTORELEASING = YES;
				CLANG_WARN_BOOL_CONVERSION = YES;
				CLANG_WARN_COMMA = YES;
				CLANG_WARN_CONSTANT_CONVERSION = YES;
				CLANG_WARN_DEPRECATED_OBJC_IMPLEMENTATIONS = YES;
				CLANG_WARN_DIRECT_OBJC_ISA_USAGE = YES_ERROR;
				CLANG_WARN_DOCUMENTATION_COMMENTS = YES;
				CLANG_WARN_EMPTY_BODY = YES;
				CLANG_WARN_ENUM_CONVERSION = YES;
				CLANG_WARN_INFINITE_RECURSION = YES;
				CLANG_WARN_INT_CONVERSION = YES;
				CLANG_WARN_NON_LITERAL_NULL_CONVERSION = YES;
				CLANG_WARN_OBJC_IMPLICIT_RETAIN_SELF = YES;
				CLANG_WARN_OBJC_LITERAL_CONVERSION = YES;
				CLANG_WARN_OBJC_ROOT_CLASS = YES_ERROR;
				CLANG_WARN_RANGE_LOOP_ANALYSIS = YES;
				CLANG_WARN_STRICT_PROTOTYPES = YES;
				CLANG_WARN_SUSPICIOUS_MOVE = YES;
				CLANG_WARN_UNGUARDED_AVAILABILITY = YES_AGGRESSIVE;
				CLANG_WARN_UNREACHABLE_CODE = YES;
				CLANG_WARN__DUPLICATE_METHOD_MATCH = YES;
				COPY_PHASE_STRIP = NO;
				DEBUG_INFORMATION_FORMAT = "dwarf-with-dsym";
				ENABLE_NS_ASSERTIONS = NO;
				ENABLE_STRICT_OBJC_MSGSEND = YES;
				GCC_C_LANGUAGE_STANDARD = gnu11;
				GCC_NO_COMMON_BLOCKS = YES;
				GCC_WARN_64_TO_32_BIT_CONVERSION = YES;
				GCC_WARN_ABOUT_RETURN_TYPE = YES_ERROR;
				GCC_WARN_UNDECLARED_SELECTOR = YES;
				GCC_WARN_UNINITIALIZED_AUTOS = YES_AGGRESSIVE;
				GCC_WARN_UNUSED_FUNCTION = YES;
				GCC_WARN_UNUSED_VARIABLE = YES;
				MACOSX_DEPLOYMENT_TARGET = 10.15;
				MTL_ENABLE_DEBUG_INFO = NO;
				MTL_FAST_MATH = YES;
				SDKROOT = macosx;
				SWIFT_COMPILATION_MODE = wholemodule;
				SWIFT_OPTIMIZATION_LEVEL = "-O";
			};
			name = Release;
		};
		B4096D4A233887E2006E0959 /* Debug */ = {
			isa = XCBuildConfiguration;
			buildSettings = {
				ASSETCATALOG_COMPILER_APPICON_NAME = AppIcon;
				CODE_SIGN_ENTITLEMENTS = Cleaner4Xcode/Cleaner4Xcode.entitlements;
				CODE_SIGN_IDENTITY = "-";
				CODE_SIGN_STYLE = Automatic;
				COMBINE_HIDPI_IMAGES = YES;
				CURRENT_PROJECT_VERSION = 44;
				DEVELOPMENT_ASSET_PATHS = "\"Cleaner4Xcode/Preview Content\"";
				DEVELOPMENT_TEAM = 67Q6744L7B;
				ENABLE_HARDENED_RUNTIME = YES;
				ENABLE_PREVIEWS = YES;
				INFOPLIST_FILE = Cleaner4Xcode/Info.plist;
				LD_RUNPATH_SEARCH_PATHS = (
					"$(inherited)",
					"@executable_path/../Frameworks",
				);
				MACOSX_DEPLOYMENT_TARGET = 11.0;
				MARKETING_VERSION = 3.0;
				PRODUCT_BUNDLE_IDENTIFIER = io.hyperapp.XcodeCleaner;
				PRODUCT_NAME = "$(TARGET_NAME)";
				SWIFT_VERSION = 5.0;
			};
			name = Debug;
		};
		B4096D4B233887E2006E0959 /* Release */ = {
			isa = XCBuildConfiguration;
			buildSettings = {
				ASSETCATALOG_COMPILER_APPICON_NAME = AppIcon;
				CODE_SIGN_ENTITLEMENTS = Cleaner4Xcode/Cleaner4Xcode.entitlements;
				CODE_SIGN_IDENTITY = "-";
				CODE_SIGN_STYLE = Automatic;
				COMBINE_HIDPI_IMAGES = YES;
				CURRENT_PROJECT_VERSION = 44;
				DEVELOPMENT_ASSET_PATHS = "\"Cleaner4Xcode/Preview Content\"";
				DEVELOPMENT_TEAM = 67Q6744L7B;
				ENABLE_HARDENED_RUNTIME = YES;
				ENABLE_PREVIEWS = YES;
				INFOPLIST_FILE = Cleaner4Xcode/Info.plist;
				LD_RUNPATH_SEARCH_PATHS = (
					"$(inherited)",
					"@executable_path/../Frameworks",
				);
				MACOSX_DEPLOYMENT_TARGET = 11.0;
				MARKETING_VERSION = 3.0;
				PRODUCT_BUNDLE_IDENTIFIER = io.hyperapp.XcodeCleaner;
				PRODUCT_NAME = "$(TARGET_NAME)";
				SWIFT_VERSION = 5.0;
			};
			name = Release;
		};
/* End XCBuildConfiguration section */

/* Begin XCConfigurationList section */
		B4096D1B233887E1006E0959 /* Build configuration list for PBXProject "Cleaner4Xcode" */ = {
			isa = XCConfigurationList;
			buildConfigurations = (
				B4096D47233887E2006E0959 /* Debug */,
				B4096D48233887E2006E0959 /* Release */,
			);
			defaultConfigurationIsVisible = 0;
			defaultConfigurationName = Release;
		};
		B4096D49233887E2006E0959 /* Build configuration list for PBXNativeTarget "Cleaner for Xcode" */ = {
			isa = XCConfigurationList;
			buildConfigurations = (
				B4096D4A233887E2006E0959 /* Debug */,
				B4096D4B233887E2006E0959 /* Release */,
			);
			defaultConfigurationIsVisible = 0;
			defaultConfigurationName = Release;
		};
/* End XCConfigurationList section */
	};
	rootObject = B4096D18233887E1006E0959 /* Project object */;
}
